
Microsoft Visual Studio Solution File, Format Version 12.00
# Visual Studio 15
VisualStudioVersion = 15.0.28307.168
MinimumVisualStudioVersion = 10.0.40219.1
Project("{FAE04EC0-301F-11D3-BF4B-00C04F79EFBC}") = "ConsoleApp3", "ConsoleApp3\ConsoleApp3.csproj", "{5268444D-CF2D-4C0A-86FC-B6F18773D5DF}"
EndProject
Global
	GlobalSection(SolutionConfigurationPlatforms) = preSolution
		Debug|Any CPU = Debug|Any CPU
		Release|Any CPU = Release|Any CPU
	EndGlobalSection
	GlobalSection(ProjectConfigurationPlatforms) = postSolution
		{5268444D-CF2D-4C0A-86FC-B6F18773D5DF}.Debug|Any CPU.ActiveCfg = Debug|Any CPU
		{5268444D-CF2D-4C0A-86FC-B6F18773D5DF}.Debug|Any CPU.Build.0 = Debug|Any CPU
		{5268444D-CF2D-4C0A-86FC-B6F18773D5DF}.Release|Any CPU.ActiveCfg = Release|Any CPU
		{5268444D-CF2D-4C0A-86FC-B6F18773D5DF}.Release|Any CPU.Build.0 = Release|Any CPU
	EndGlobalSection
	GlobalSection(SolutionProperties) = preSolution
		HideSolutionNode = FALSE
	EndGlobalSection
	GlobalSection(ExtensibilityGlobals) = postSolution
		SolutionGuid = {2C04C8BD-BA2A-4E85-A035-3FC2CA3B4077}
	EndGlobalSection
EndGlobal
